
Microsoft Visual Studio Solution File, Format Version 12.00
# Visual Studio Version 17
VisualStudioVersion = 17.4.33403.182
MinimumVisualStudioVersion = 10.0.40219.1
Project("{FAE04EC0-301F-11D3-BF4B-00C04F79EFBC}") = "GameZone.PL", "GameZone.PL\GameZone.PL.csproj", "{920429F0-9BE8-4209-B38F-56C323F365C2}"
EndProject
Project("{FAE04EC0-301F-11D3-BF4B-00C04F79EFBC}") = "DAL", "DAL\DAL.csproj", "{D579CEE5-75C2-492B-B109-AE7AE7905C3A}"
EndProject
Project("{FAE04EC0-301F-11D3-BF4B-00C04F79EFBC}") = "BLL", "BLL\BLL.csproj", "{8CC3B5BF-BE58-47E7-BA6A-CA1A6DF77FA5}"
EndProject
Global
	GlobalSection(SolutionConfigurationPlatforms) = preSolution
		Debug|Any CPU = Debug|Any CPU
		Release|Any CPU = Release|Any CPU
	EndGlobalSection
	GlobalSection(ProjectConfigurationPlatforms) = postSolution
		{920429F0-9BE8-4209-B38F-56C323F365C2}.Debug|Any CPU.ActiveCfg = Debug|Any CPU
		{920429F0-9BE8-4209-B38F-56C323F365C2}.Debug|Any CPU.Build.0 = Debug|Any CPU
		{920429F0-9BE8-4209-B38F-56C323F365C2}.Release|Any CPU.ActiveCfg = Release|Any CPU
		{920429F0-9BE8-4209-B38F-56C323F365C2}.Release|Any CPU.Build.0 = Release|Any CPU
		{D579CEE5-75C2-492B-B109-AE7AE7905C3A}.Debug|Any CPU.ActiveCfg = Debug|Any CPU
		{D579CEE5-75C2-492B-B109-AE7AE7905C3A}.Debug|Any CPU.Build.0 = Debug|Any CPU
		{D579CEE5-75C2-492B-B109-AE7AE7905C3A}.Release|Any CPU.ActiveCfg = Release|Any CPU
		{D579CEE5-75C2-492B-B109-AE7AE7905C3A}.Release|Any CPU.Build.0 = Release|Any CPU
		{8CC3B5BF-BE58-47E7-BA6A-CA1A6DF77FA5}.Debug|Any CPU.ActiveCfg = Debug|Any CPU
		{8CC3B5BF-BE58-47E7-BA6A-CA1A6DF77FA5}.Debug|Any CPU.Build.0 = Debug|Any CPU
		{8CC3B5BF-BE58-47E7-BA6A-CA1A6DF77FA5}.Release|Any CPU.ActiveCfg = Release|Any CPU
		{8CC3B5BF-BE58-47E7-BA6A-CA1A6DF77FA5}.Release|Any CPU.Build.0 = Release|Any CPU
	EndGlobalSection
	GlobalSection(SolutionProperties) = preSolution
		HideSolutionNode = FALSE
	EndGlobalSection
	GlobalSection(ExtensibilityGlobals) = postSolution
		SolutionGuid = {5DA82FF7-2550-40C6-BF45-E91C6EDF9A78}
	EndGlobalSection
EndGlobal
